// !$*UTF8*$!
{
	archiveVersion = 1;
	classes = {
	};
	objectVersion = 46;
	objects = {

/* Begin PBXBuildFile section */
		203EE212184D942100166F40 /* SDWebImage.framework in Frameworks */ = {isa = PBXBuildFile; fileRef = 20605B131846AD3F000AA87D /* SDWebImage.framework */; };
		203EE215184D962B00166F40 /* FourSquareCategory.m in Sources */ = {isa = PBXBuildFile; fileRef = 203EE214184D962B00166F40 /* FourSquareCategory.m */; };
		204FC43518459C250006A75D /* PhotoDetailViewController.m in Sources */ = {isa = PBXBuildFile; fileRef = 204FC43318459C250006A75D /* PhotoDetailViewController.m */; };
		204FC43618459C250006A75D /* PhotoDetailViewController.xib in Resources */ = {isa = PBXBuildFile; fileRef = 204FC43418459C250006A75D /* PhotoDetailViewController.xib */; };
		20605B181846B08F000AA87D /* MapKit.framework in Frameworks */ = {isa = PBXBuildFile; fileRef = 20605B171846B08F000AA87D /* MapKit.framework */; };
		20605B1A1846B094000AA87D /* ImageIO.framework in Frameworks */ = {isa = PBXBuildFile; fileRef = 20605B191846B094000AA87D /* ImageIO.framework */; };
		2093368C1841947D008EFEBD /* Foundation.framework in Frameworks */ = {isa = PBXBuildFile; fileRef = 2093368B1841947D008EFEBD /* Foundation.framework */; };
		2093368E1841947D008EFEBD /* CoreGraphics.framework in Frameworks */ = {isa = PBXBuildFile; fileRef = 2093368D1841947D008EFEBD /* CoreGraphics.framework */; };
		209336901841947D008EFEBD /* UIKit.framework in Frameworks */ = {isa = PBXBuildFile; fileRef = 2093368F1841947D008EFEBD /* UIKit.framework */; };
		209336961841947D008EFEBD /* InfoPlist.strings in Resources */ = {isa = PBXBuildFile; fileRef = 209336941841947D008EFEBD /* InfoPlist.strings */; };
		209336981841947D008EFEBD /* main.m in Sources */ = {isa = PBXBuildFile; fileRef = 209336971841947D008EFEBD /* main.m */; };
		2093369C1841947D008EFEBD /* AppDelegate.m in Sources */ = {isa = PBXBuildFile; fileRef = 2093369B1841947D008EFEBD /* AppDelegate.m */; };
		2093369F1841947D008EFEBD /* Main.storyboard in Resources */ = {isa = PBXBuildFile; fileRef = 2093369D1841947D008EFEBD /* Main.storyboard */; };
		209336A21841947D008EFEBD /* PhotoCollectionViewController.m in Sources */ = {isa = PBXBuildFile; fileRef = 209336A11841947D008EFEBD /* PhotoCollectionViewController.m */; };
		209336A41841947D008EFEBD /* Images.xcassets in Resources */ = {isa = PBXBuildFile; fileRef = 209336A31841947D008EFEBD /* Images.xcassets */; };
		209336AB1841947D008EFEBD /* XCTest.framework in Frameworks */ = {isa = PBXBuildFile; fileRef = 209336AA1841947D008EFEBD /* XCTest.framework */; };
		209336AC1841947D008EFEBD /* Foundation.framework in Frameworks */ = {isa = PBXBuildFile; fileRef = 2093368B1841947D008EFEBD /* Foundation.framework */; };
		209336AD1841947D008EFEBD /* UIKit.framework in Frameworks */ = {isa = PBXBuildFile; fileRef = 2093368F1841947D008EFEBD /* UIKit.framework */; };
		209336B51841947D008EFEBD /* InfoPlist.strings in Resources */ = {isa = PBXBuildFile; fileRef = 209336B31841947D008EFEBD /* InfoPlist.strings */; };
		209336B71841947D008EFEBD /* FoodieImageSearchTests.m in Sources */ = {isa = PBXBuildFile; fileRef = 209336B61841947D008EFEBD /* FoodieImageSearchTests.m */; };
		209336C2184194A3008EFEBD /* FourSquare.m in Sources */ = {isa = PBXBuildFile; fileRef = 209336C1184194A3008EFEBD /* FourSquare.m */; };
		209336C51841AB36008EFEBD /* FourSquarePhoto.m in Sources */ = {isa = PBXBuildFile; fileRef = 209336C41841AB36008EFEBD /* FourSquarePhoto.m */; };
		209336C91842987D008EFEBD /* FourSquareVenue.m in Sources */ = {isa = PBXBuildFile; fileRef = 209336C81842987D008EFEBD /* FourSquareVenue.m */; };
		209E39BC18446747001F18A5 /* PhotoCollectionViewController.xib in Resources */ = {isa = PBXBuildFile; fileRef = 209E39BB18446747001F18A5 /* PhotoCollectionViewController.xib */; };
		209E39C418446BCF001F18A5 /* PhotoCell.m in Sources */ = {isa = PBXBuildFile; fileRef = 209E39C318446BCF001F18A5 /* PhotoCell.m */; };
		209E39C718446C63001F18A5 /* PhotoCell.xib in Resources */ = {isa = PBXBuildFile; fileRef = 209E39C618446C63001F18A5 /* PhotoCell.xib */; };
		20CFBD1C184D58D80062F715 /* RestaurantDetailsViewController.m in Sources */ = {isa = PBXBuildFile; fileRef = 20CFBD1A184D58D80062F715 /* RestaurantDetailsViewController.m */; };
		20CFBD1D184D58D80062F715 /* RestaurantDetailsViewController.xib in Resources */ = {isa = PBXBuildFile; fileRef = 20CFBD1B184D58D80062F715 /* RestaurantDetailsViewController.xib */; };
		20EE8D0B184F11DD008F79B4 /* foursquare-icon.png in Resources */ = {isa = PBXBuildFile; fileRef = 20EE8D0A184F11DD008F79B4 /* foursquare-icon.png */; };
		928E52C1184EDA1A00AB5490 /* SDWebImage.framework in Frameworks */ = {isa = PBXBuildFile; fileRef = 928E52C0184EDA1A00AB5490 /* SDWebImage.framework */; };
		928E5317184F2D7000AB5490 /* PhotoSwipeViewController.m in Sources */ = {isa = PBXBuildFile; fileRef = 928E5315184F2D7000AB5490 /* PhotoSwipeViewController.m */; };
		928E5318184F2D7000AB5490 /* PhotoSwipeViewController.xib in Resources */ = {isa = PBXBuildFile; fileRef = 928E5316184F2D7000AB5490 /* PhotoSwipeViewController.xib */; };
		928E531B184F2FF100AB5490 /* DraggableView.m in Sources */ = {isa = PBXBuildFile; fileRef = 928E531A184F2FF100AB5490 /* DraggableView.m */; };
/* End PBXBuildFile section */

/* Begin PBXContainerItemProxy section */
		209336AE1841947D008EFEBD /* PBXContainerItemProxy */ = {
			isa = PBXContainerItemProxy;
			containerPortal = 209336801841947C008EFEBD /* Project object */;
			proxyType = 1;
			remoteGlobalIDString = 209336871841947D008EFEBD;
			remoteInfo = FoodieImageSearch;
		};
/* End PBXContainerItemProxy section */

/* Begin PBXFileReference section */
		203EE213184D962B00166F40 /* FourSquareCategory.h */ = {isa = PBXFileReference; fileEncoding = 4; lastKnownFileType = sourcecode.c.h; path = FourSquareCategory.h; sourceTree = "<group>"; };
		203EE214184D962B00166F40 /* FourSquareCategory.m */ = {isa = PBXFileReference; fileEncoding = 4; lastKnownFileType = sourcecode.c.objc; path = FourSquareCategory.m; sourceTree = "<group>"; };
		204FC43218459C250006A75D /* PhotoDetailViewController.h */ = {isa = PBXFileReference; fileEncoding = 4; lastKnownFileType = sourcecode.c.h; path = PhotoDetailViewController.h; sourceTree = "<group>"; };
		204FC43318459C250006A75D /* PhotoDetailViewController.m */ = {isa = PBXFileReference; fileEncoding = 4; lastKnownFileType = sourcecode.c.objc; path = PhotoDetailViewController.m; sourceTree = "<group>"; };
		204FC43418459C250006A75D /* PhotoDetailViewController.xib */ = {isa = PBXFileReference; fileEncoding = 4; lastKnownFileType = file.xib; path = PhotoDetailViewController.xib; sourceTree = "<group>"; };
		20605B131846AD3F000AA87D /* SDWebImage.framework */ = {isa = PBXFileReference; lastKnownFileType = wrapper.framework; path = SDWebImage.framework; sourceTree = "<group>"; };
		20605B171846B08F000AA87D /* MapKit.framework */ = {isa = PBXFileReference; lastKnownFileType = wrapper.framework; name = MapKit.framework; path = System/Library/Frameworks/MapKit.framework; sourceTree = SDKROOT; };
		20605B191846B094000AA87D /* ImageIO.framework */ = {isa = PBXFileReference; lastKnownFileType = wrapper.framework; name = ImageIO.framework; path = System/Library/Frameworks/ImageIO.framework; sourceTree = SDKROOT; };
		209336881841947D008EFEBD /* FoodieImageSearch.app */ = {isa = PBXFileReference; explicitFileType = wrapper.application; includeInIndex = 0; path = FoodieImageSearch.app; sourceTree = BUILT_PRODUCTS_DIR; };
		2093368B1841947D008EFEBD /* Foundation.framework */ = {isa = PBXFileReference; lastKnownFileType = wrapper.framework; name = Foundation.framework; path = System/Library/Frameworks/Foundation.framework; sourceTree = SDKROOT; };
		2093368D1841947D008EFEBD /* CoreGraphics.framework */ = {isa = PBXFileReference; lastKnownFileType = wrapper.framework; name = CoreGraphics.framework; path = System/Library/Frameworks/CoreGraphics.framework; sourceTree = SDKROOT; };
		2093368F1841947D008EFEBD /* UIKit.framework */ = {isa = PBXFileReference; lastKnownFileType = wrapper.framework; name = UIKit.framework; path = System/Library/Frameworks/UIKit.framework; sourceTree = SDKROOT; };
		209336931841947D008EFEBD /* FoodieImageSearch-Info.plist */ = {isa = PBXFileReference; lastKnownFileType = text.plist.xml; path = "FoodieImageSearch-Info.plist"; sourceTree = "<group>"; };
		209336951841947D008EFEBD /* en */ = {isa = PBXFileReference; lastKnownFileType = text.plist.strings; name = en; path = en.lproj/InfoPlist.strings; sourceTree = "<group>"; };
		209336971841947D008EFEBD /* main.m */ = {isa = PBXFileReference; lastKnownFileType = sourcecode.c.objc; path = main.m; sourceTree = "<group>"; };
		209336991841947D008EFEBD /* FoodieImageSearch-Prefix.pch */ = {isa = PBXFileReference; lastKnownFileType = sourcecode.c.h; path = "FoodieImageSearch-Prefix.pch"; sourceTree = "<group>"; };
		2093369A1841947D008EFEBD /* AppDelegate.h */ = {isa = PBXFileReference; lastKnownFileType = sourcecode.c.h; path = AppDelegate.h; sourceTree = "<group>"; };
		2093369B1841947D008EFEBD /* AppDelegate.m */ = {isa = PBXFileReference; lastKnownFileType = sourcecode.c.objc; path = AppDelegate.m; sourceTree = "<group>"; };
		2093369E1841947D008EFEBD /* Base */ = {isa = PBXFileReference; lastKnownFileType = file.storyboard; name = Base; path = Base.lproj/Main.storyboard; sourceTree = "<group>"; };
		209336A01841947D008EFEBD /* PhotoCollectionViewController.h */ = {isa = PBXFileReference; lastKnownFileType = sourcecode.c.h; path = PhotoCollectionViewController.h; sourceTree = "<group>"; };
		209336A11841947D008EFEBD /* PhotoCollectionViewController.m */ = {isa = PBXFileReference; lastKnownFileType = sourcecode.c.objc; path = PhotoCollectionViewController.m; sourceTree = "<group>"; };
		209336A31841947D008EFEBD /* Images.xcassets */ = {isa = PBXFileReference; lastKnownFileType = folder.assetcatalog; path = Images.xcassets; sourceTree = "<group>"; };
		209336A91841947D008EFEBD /* FoodieImageSearchTests.xctest */ = {isa = PBXFileReference; explicitFileType = wrapper.cfbundle; includeInIndex = 0; path = FoodieImageSearchTests.xctest; sourceTree = BUILT_PRODUCTS_DIR; };
		209336AA1841947D008EFEBD /* XCTest.framework */ = {isa = PBXFileReference; lastKnownFileType = wrapper.framework; name = XCTest.framework; path = Library/Frameworks/XCTest.framework; sourceTree = DEVELOPER_DIR; };
		209336B21841947D008EFEBD /* FoodieImageSearchTests-Info.plist */ = {isa = PBXFileReference; lastKnownFileType = text.plist.xml; path = "FoodieImageSearchTests-Info.plist"; sourceTree = "<group>"; };
		209336B41841947D008EFEBD /* en */ = {isa = PBXFileReference; lastKnownFileType = text.plist.strings; name = en; path = en.lproj/InfoPlist.strings; sourceTree = "<group>"; };
		209336B61841947D008EFEBD /* FoodieImageSearchTests.m */ = {isa = PBXFileReference; lastKnownFileType = sourcecode.c.objc; path = FoodieImageSearchTests.m; sourceTree = "<group>"; };
		209336C0184194A3008EFEBD /* FourSquare.h */ = {isa = PBXFileReference; fileEncoding = 4; lastKnownFileType = sourcecode.c.h; name = FourSquare.h; path = FoodieImageSearch/FourSquare.h; sourceTree = "<group>"; };
		209336C1184194A3008EFEBD /* FourSquare.m */ = {isa = PBXFileReference; fileEncoding = 4; lastKnownFileType = sourcecode.c.objc; name = FourSquare.m; path = FoodieImageSearch/FourSquare.m; sourceTree = "<group>"; };
		209336C31841AB36008EFEBD /* FourSquarePhoto.h */ = {isa = PBXFileReference; fileEncoding = 4; lastKnownFileType = sourcecode.c.h; path = FourSquarePhoto.h; sourceTree = "<group>"; };
		209336C41841AB36008EFEBD /* FourSquarePhoto.m */ = {isa = PBXFileReference; fileEncoding = 4; lastKnownFileType = sourcecode.c.objc; path = FourSquarePhoto.m; sourceTree = "<group>"; };
		209336C71842987D008EFEBD /* FourSquareVenue.h */ = {isa = PBXFileReference; fileEncoding = 4; lastKnownFileType = sourcecode.c.h; name = FourSquareVenue.h; path = FoodieImageSearch/FourSquareVenue.h; sourceTree = "<group>"; };
		209336C81842987D008EFEBD /* FourSquareVenue.m */ = {isa = PBXFileReference; fileEncoding = 4; lastKnownFileType = sourcecode.c.objc; name = FourSquareVenue.m; path = FoodieImageSearch/FourSquareVenue.m; sourceTree = "<group>"; };
		209E39BB18446747001F18A5 /* PhotoCollectionViewController.xib */ = {isa = PBXFileReference; fileEncoding = 4; lastKnownFileType = file.xib; path = PhotoCollectionViewController.xib; sourceTree = "<group>"; };
		209E39C218446BCF001F18A5 /* PhotoCell.h */ = {isa = PBXFileReference; fileEncoding = 4; lastKnownFileType = sourcecode.c.h; name = PhotoCell.h; path = FoodieImageSearch/PhotoCell.h; sourceTree = "<group>"; };
		209E39C318446BCF001F18A5 /* PhotoCell.m */ = {isa = PBXFileReference; fileEncoding = 4; lastKnownFileType = sourcecode.c.objc; name = PhotoCell.m; path = FoodieImageSearch/PhotoCell.m; sourceTree = "<group>"; };
		209E39C618446C63001F18A5 /* PhotoCell.xib */ = {isa = PBXFileReference; fileEncoding = 4; lastKnownFileType = file.xib; path = PhotoCell.xib; sourceTree = "<group>"; };
		20CFBD19184D58D80062F715 /* RestaurantDetailsViewController.h */ = {isa = PBXFileReference; fileEncoding = 4; lastKnownFileType = sourcecode.c.h; path = RestaurantDetailsViewController.h; sourceTree = "<group>"; };
		20CFBD1A184D58D80062F715 /* RestaurantDetailsViewController.m */ = {isa = PBXFileReference; fileEncoding = 4; lastKnownFileType = sourcecode.c.objc; path = RestaurantDetailsViewController.m; sourceTree = "<group>"; };
		20CFBD1B184D58D80062F715 /* RestaurantDetailsViewController.xib */ = {isa = PBXFileReference; fileEncoding = 4; lastKnownFileType = file.xib; path = RestaurantDetailsViewController.xib; sourceTree = "<group>"; };
		20EE8D0A184F11DD008F79B4 /* foursquare-icon.png */ = {isa = PBXFileReference; lastKnownFileType = image.png; name = "foursquare-icon.png"; path = "FoodieImageSearch/foursquare-icon.png"; sourceTree = "<group>"; };
		928E52C0184EDA1A00AB5490 /* SDWebImage.framework */ = {isa = PBXFileReference; lastKnownFileType = wrapper.framework; path = SDWebImage.framework; sourceTree = "<group>"; };
		928E5314184F2D7000AB5490 /* PhotoSwipeViewController.h */ = {isa = PBXFileReference; fileEncoding = 4; lastKnownFileType = sourcecode.c.h; path = PhotoSwipeViewController.h; sourceTree = "<group>"; };
		928E5315184F2D7000AB5490 /* PhotoSwipeViewController.m */ = {isa = PBXFileReference; fileEncoding = 4; lastKnownFileType = sourcecode.c.objc; path = PhotoSwipeViewController.m; sourceTree = "<group>"; };
		928E5316184F2D7000AB5490 /* PhotoSwipeViewController.xib */ = {isa = PBXFileReference; fileEncoding = 4; lastKnownFileType = file.xib; path = PhotoSwipeViewController.xib; sourceTree = "<group>"; };
		928E5319184F2FF100AB5490 /* DraggableView.h */ = {isa = PBXFileReference; fileEncoding = 4; lastKnownFileType = sourcecode.c.h; name = DraggableView.h; path = FoodieImageSearch/DraggableView.h; sourceTree = "<group>"; };
		928E531A184F2FF100AB5490 /* DraggableView.m */ = {isa = PBXFileReference; fileEncoding = 4; lastKnownFileType = sourcecode.c.objc; name = DraggableView.m; path = FoodieImageSearch/DraggableView.m; sourceTree = "<group>"; };
/* End PBXFileReference section */

/* Begin PBXFrameworksBuildPhase section */
		209336851841947D008EFEBD /* Frameworks */ = {
			isa = PBXFrameworksBuildPhase;
			buildActionMask = 2147483647;
			files = (
				203EE212184D942100166F40 /* SDWebImage.framework in Frameworks */,
				20605B1A1846B094000AA87D /* ImageIO.framework in Frameworks */,
				20605B181846B08F000AA87D /* MapKit.framework in Frameworks */,
				2093368E1841947D008EFEBD /* CoreGraphics.framework in Frameworks */,
				928E52C1184EDA1A00AB5490 /* SDWebImage.framework in Frameworks */,
				209336901841947D008EFEBD /* UIKit.framework in Frameworks */,
				2093368C1841947D008EFEBD /* Foundation.framework in Frameworks */,
			);
			runOnlyForDeploymentPostprocessing = 0;
		};
		209336A61841947D008EFEBD /* Frameworks */ = {
			isa = PBXFrameworksBuildPhase;
			buildActionMask = 2147483647;
			files = (
				209336AB1841947D008EFEBD /* XCTest.framework in Frameworks */,
				209336AD1841947D008EFEBD /* UIKit.framework in Frameworks */,
				209336AC1841947D008EFEBD /* Foundation.framework in Frameworks */,
			);
			runOnlyForDeploymentPostprocessing = 0;
		};
/* End PBXFrameworksBuildPhase section */

/* Begin PBXGroup section */
		2093367F1841947C008EFEBD = {
			isa = PBXGroup;
			children = (
				928E52C0184EDA1A00AB5490 /* SDWebImage.framework */,
				209E39C518446BD9001F18A5 /* View */,
				20EE8D09184F11AE008F79B4 /* Assets */,
				209336C61841B865008EFEBD /* FourSquare */,
				209336911841947D008EFEBD /* FoodieImageSearch */,
				209336B01841947D008EFEBD /* FoodieImageSearchTests */,
				2093368A1841947D008EFEBD /* Frameworks */,
				209336891841947D008EFEBD /* Products */,
			);
			sourceTree = "<group>";
		};
		209336891841947D008EFEBD /* Products */ = {
			isa = PBXGroup;
			children = (
				209336881841947D008EFEBD /* FoodieImageSearch.app */,
				209336A91841947D008EFEBD /* FoodieImageSearchTests.xctest */,
			);
			name = Products;
			sourceTree = "<group>";
		};
		2093368A1841947D008EFEBD /* Frameworks */ = {
			isa = PBXGroup;
			children = (
				20605B191846B094000AA87D /* ImageIO.framework */,
				20605B171846B08F000AA87D /* MapKit.framework */,
				20605B131846AD3F000AA87D /* SDWebImage.framework */,
				2093368B1841947D008EFEBD /* Foundation.framework */,
				2093368D1841947D008EFEBD /* CoreGraphics.framework */,
				2093368F1841947D008EFEBD /* UIKit.framework */,
				209336AA1841947D008EFEBD /* XCTest.framework */,
			);
			name = Frameworks;
			sourceTree = "<group>";
		};
		209336911841947D008EFEBD /* FoodieImageSearch */ = {
			isa = PBXGroup;
			children = (
				2093369A1841947D008EFEBD /* AppDelegate.h */,
				2093369B1841947D008EFEBD /* AppDelegate.m */,
				2093369D1841947D008EFEBD /* Main.storyboard */,
				209336A01841947D008EFEBD /* PhotoCollectionViewController.h */,
				209336A11841947D008EFEBD /* PhotoCollectionViewController.m */,
				209E39BB18446747001F18A5 /* PhotoCollectionViewController.xib */,
				928E5314184F2D7000AB5490 /* PhotoSwipeViewController.h */,
				928E5315184F2D7000AB5490 /* PhotoSwipeViewController.m */,
				209336A31841947D008EFEBD /* Images.xcassets */,
				209336921841947D008EFEBD /* Supporting Files */,
				928E5316184F2D7000AB5490 /* PhotoSwipeViewController.xib */,
			);
			path = FoodieImageSearch;
			sourceTree = "<group>";
		};
		209336921841947D008EFEBD /* Supporting Files */ = {
			isa = PBXGroup;
			children = (
				209336931841947D008EFEBD /* FoodieImageSearch-Info.plist */,
				209336941841947D008EFEBD /* InfoPlist.strings */,
				209336971841947D008EFEBD /* main.m */,
				209336991841947D008EFEBD /* FoodieImageSearch-Prefix.pch */,
			);
			name = "Supporting Files";
			sourceTree = "<group>";
		};
		209336B01841947D008EFEBD /* FoodieImageSearchTests */ = {
			isa = PBXGroup;
			children = (
				209336B61841947D008EFEBD /* FoodieImageSearchTests.m */,
				209336B11841947D008EFEBD /* Supporting Files */,
			);
			path = FoodieImageSearchTests;
			sourceTree = "<group>";
		};
		209336B11841947D008EFEBD /* Supporting Files */ = {
			isa = PBXGroup;
			children = (
				209336B21841947D008EFEBD /* FoodieImageSearchTests-Info.plist */,
				209336B31841947D008EFEBD /* InfoPlist.strings */,
			);
			name = "Supporting Files";
			sourceTree = "<group>";
		};
		209336C61841B865008EFEBD /* FourSquare */ = {
			isa = PBXGroup;
			children = (
				203EE213184D962B00166F40 /* FourSquareCategory.h */,
				203EE214184D962B00166F40 /* FourSquareCategory.m */,
				209336C0184194A3008EFEBD /* FourSquare.h */,
				209336C1184194A3008EFEBD /* FourSquare.m */,
				209336C31841AB36008EFEBD /* FourSquarePhoto.h */,
				209336C41841AB36008EFEBD /* FourSquarePhoto.m */,
				209336C71842987D008EFEBD /* FourSquareVenue.h */,
				209336C81842987D008EFEBD /* FourSquareVenue.m */,
			);
			name = FourSquare;
			sourceTree = "<group>";
		};
		209E39C518446BD9001F18A5 /* View */ = {
			isa = PBXGroup;
			children = (
				928E5319184F2FF100AB5490 /* DraggableView.h */,
				928E531A184F2FF100AB5490 /* DraggableView.m */,
				209E39C218446BCF001F18A5 /* PhotoCell.h */,
				209E39C318446BCF001F18A5 /* PhotoCell.m */,
				209E39C618446C63001F18A5 /* PhotoCell.xib */,
				204FC43218459C250006A75D /* PhotoDetailViewController.h */,
				204FC43318459C250006A75D /* PhotoDetailViewController.m */,
				204FC43418459C250006A75D /* PhotoDetailViewController.xib */,
				20CFBD19184D58D80062F715 /* RestaurantDetailsViewController.h */,
				20CFBD1A184D58D80062F715 /* RestaurantDetailsViewController.m */,
				20CFBD1B184D58D80062F715 /* RestaurantDetailsViewController.xib */,
			);
			name = View;
			sourceTree = "<group>";
		};
		20EE8D09184F11AE008F79B4 /* Assets */ = {
			isa = PBXGroup;
			children = (
				20EE8D0A184F11DD008F79B4 /* foursquare-icon.png */,
			);
			name = Assets;
			sourceTree = "<group>";
		};
/* End PBXGroup section */

/* Begin PBXNativeTarget section */
		209336871841947D008EFEBD /* FoodieImageSearch */ = {
			isa = PBXNativeTarget;
			buildConfigurationList = 209336BA1841947D008EFEBD /* Build configuration list for PBXNativeTarget "FoodieImageSearch" */;
			buildPhases = (
				209336841841947D008EFEBD /* Sources */,
				209336851841947D008EFEBD /* Frameworks */,
				209336861841947D008EFEBD /* Resources */,
			);
			buildRules = (
			);
			dependencies = (
			);
			name = FoodieImageSearch;
			productName = FoodieImageSearch;
			productReference = 209336881841947D008EFEBD /* FoodieImageSearch.app */;
			productType = "com.apple.product-type.application";
		};
		209336A81841947D008EFEBD /* FoodieImageSearchTests */ = {
			isa = PBXNativeTarget;
			buildConfigurationList = 209336BD1841947D008EFEBD /* Build configuration list for PBXNativeTarget "FoodieImageSearchTests" */;
			buildPhases = (
				209336A51841947D008EFEBD /* Sources */,
				209336A61841947D008EFEBD /* Frameworks */,
				209336A71841947D008EFEBD /* Resources */,
			);
			buildRules = (
			);
			dependencies = (
				209336AF1841947D008EFEBD /* PBXTargetDependency */,
			);
			name = FoodieImageSearchTests;
			productName = FoodieImageSearchTests;
			productReference = 209336A91841947D008EFEBD /* FoodieImageSearchTests.xctest */;
			productType = "com.apple.product-type.bundle.unit-test";
		};
/* End PBXNativeTarget section */

/* Begin PBXProject section */
		209336801841947C008EFEBD /* Project object */ = {
			isa = PBXProject;
			attributes = {
				LastUpgradeCheck = 0500;
				ORGANIZATIONNAME = JasonMimee;
				TargetAttributes = {
					209336A81841947D008EFEBD = {
						TestTargetID = 209336871841947D008EFEBD;
					};
				};
			};
			buildConfigurationList = 209336831841947C008EFEBD /* Build configuration list for PBXProject "FoodieImageSearch" */;
			compatibilityVersion = "Xcode 3.2";
			developmentRegion = English;
			hasScannedForEncodings = 0;
			knownRegions = (
				en,
				Base,
			);
			mainGroup = 2093367F1841947C008EFEBD;
			productRefGroup = 209336891841947D008EFEBD /* Products */;
			projectDirPath = "";
			projectRoot = "";
			targets = (
				209336871841947D008EFEBD /* FoodieImageSearch */,
				209336A81841947D008EFEBD /* FoodieImageSearchTests */,
			);
		};
/* End PBXProject section */

/* Begin PBXResourcesBuildPhase section */
		209336861841947D008EFEBD /* Resources */ = {
			isa = PBXResourcesBuildPhase;
			buildActionMask = 2147483647;
			files = (
				20CFBD1D184D58D80062F715 /* RestaurantDetailsViewController.xib in Resources */,
				20EE8D0B184F11DD008F79B4 /* foursquare-icon.png in Resources */,
				209336A41841947D008EFEBD /* Images.xcassets in Resources */,
				209336961841947D008EFEBD /* InfoPlist.strings in Resources */,
				204FC43618459C250006A75D /* PhotoDetailViewController.xib in Resources */,
				209E39BC18446747001F18A5 /* PhotoCollectionViewController.xib in Resources */,
				928E5318184F2D7000AB5490 /* PhotoSwipeViewController.xib in Resources */,
				2093369F1841947D008EFEBD /* Main.storyboard in Resources */,
				209E39C718446C63001F18A5 /* PhotoCell.xib in Resources */,
			);
			runOnlyForDeploymentPostprocessing = 0;
		};
		209336A71841947D008EFEBD /* Resources */ = {
			isa = PBXResourcesBuildPhase;
			buildActionMask = 2147483647;
			files = (
				209336B51841947D008EFEBD /* InfoPlist.strings in Resources */,
			);
			runOnlyForDeploymentPostprocessing = 0;
		};
/* End PBXResourcesBuildPhase section */

/* Begin PBXSourcesBuildPhase section */
		209336841841947D008EFEBD /* Sources */ = {
			isa = PBXSourcesBuildPhase;
			buildActionMask = 2147483647;
			files = (
				20CFBD1C184D58D80062F715 /* RestaurantDetailsViewController.m in Sources */,
				209336C2184194A3008EFEBD /* FourSquare.m in Sources */,
				209336C51841AB36008EFEBD /* FourSquarePhoto.m in Sources */,
				204FC43518459C250006A75D /* PhotoDetailViewController.m in Sources */,
				203EE215184D962B00166F40 /* FourSquareCategory.m in Sources */,
				209336A21841947D008EFEBD /* PhotoCollectionViewController.m in Sources */,
				209E39C418446BCF001F18A5 /* PhotoCell.m in Sources */,
				2093369C1841947D008EFEBD /* AppDelegate.m in Sources */,
				209336C91842987D008EFEBD /* FourSquareVenue.m in Sources */,
				209336981841947D008EFEBD /* main.m in Sources */,
				928E531B184F2FF100AB5490 /* DraggableView.m in Sources */,
				928E5317184F2D7000AB5490 /* PhotoSwipeViewController.m in Sources */,
			);
			runOnlyForDeploymentPostprocessing = 0;
		};
		209336A51841947D008EFEBD /* Sources */ = {
			isa = PBXSourcesBuildPhase;
			buildActionMask = 2147483647;
			files = (
				209336B71841947D008EFEBD /* FoodieImageSearchTests.m in Sources */,
			);
			runOnlyForDeploymentPostprocessing = 0;
		};
/* End PBXSourcesBuildPhase section */

/* Begin PBXTargetDependency section */
		209336AF1841947D008EFEBD /* PBXTargetDependency */ = {
			isa = PBXTargetDependency;
			target = 209336871841947D008EFEBD /* FoodieImageSearch */;
			targetProxy = 209336AE1841947D008EFEBD /* PBXContainerItemProxy */;
		};
/* End PBXTargetDependency section */

/* Begin PBXVariantGroup section */
		209336941841947D008EFEBD /* InfoPlist.strings */ = {
			isa = PBXVariantGroup;
			children = (
				209336951841947D008EFEBD /* en */,
			);
			name = InfoPlist.strings;
			sourceTree = "<group>";
		};
		2093369D1841947D008EFEBD /* Main.storyboard */ = {
			isa = PBXVariantGroup;
			children = (
				2093369E1841947D008EFEBD /* Base */,
			);
			name = Main.storyboard;
			sourceTree = "<group>";
		};
		209336B31841947D008EFEBD /* InfoPlist.strings */ = {
			isa = PBXVariantGroup;
			children = (
				209336B41841947D008EFEBD /* en */,
			);
			name = InfoPlist.strings;
			sourceTree = "<group>";
		};
/* End PBXVariantGroup section */

/* Begin XCBuildConfiguration section */
		209336B81841947D008EFEBD /* Debug */ = {
			isa = XCBuildConfiguration;
			buildSettings = {
				ALWAYS_SEARCH_USER_PATHS = NO;
				ARCHS = "$(ARCHS_STANDARD_INCLUDING_64_BIT)";
				CLANG_CXX_LANGUAGE_STANDARD = "gnu++0x";
				CLANG_CXX_LIBRARY = "libc++";
				CLANG_ENABLE_MODULES = YES;
				CLANG_ENABLE_OBJC_ARC = YES;
				CLANG_WARN_BOOL_CONVERSION = YES;
				CLANG_WARN_CONSTANT_CONVERSION = YES;
				CLANG_WARN_DIRECT_OBJC_ISA_USAGE = YES_ERROR;
				CLANG_WARN_EMPTY_BODY = YES;
				CLANG_WARN_ENUM_CONVERSION = YES;
				CLANG_WARN_INT_CONVERSION = YES;
				CLANG_WARN_OBJC_ROOT_CLASS = YES_ERROR;
				CLANG_WARN__DUPLICATE_METHOD_MATCH = YES;
				"CODE_SIGN_IDENTITY[sdk=iphoneos*]" = "iPhone Developer";
				COPY_PHASE_STRIP = NO;
				GCC_C_LANGUAGE_STANDARD = gnu99;
				GCC_DYNAMIC_NO_PIC = NO;
				GCC_OPTIMIZATION_LEVEL = 0;
				GCC_PREPROCESSOR_DEFINITIONS = (
					"DEBUG=1",
					"$(inherited)",
				);
				GCC_SYMBOLS_PRIVATE_EXTERN = NO;
				GCC_WARN_64_TO_32_BIT_CONVERSION = YES;
				GCC_WARN_ABOUT_RETURN_TYPE = YES_ERROR;
				GCC_WARN_UNDECLARED_SELECTOR = YES;
				GCC_WARN_UNINITIALIZED_AUTOS = YES;
				GCC_WARN_UNUSED_FUNCTION = YES;
				GCC_WARN_UNUSED_VARIABLE = YES;
				IPHONEOS_DEPLOYMENT_TARGET = 7.0;
				ONLY_ACTIVE_ARCH = YES;
				SDKROOT = iphoneos;
			};
			name = Debug;
		};
		209336B91841947D008EFEBD /* Release */ = {
			isa = XCBuildConfiguration;
			buildSettings = {
				ALWAYS_SEARCH_USER_PATHS = NO;
				ARCHS = "$(ARCHS_STANDARD_INCLUDING_64_BIT)";
				CLANG_CXX_LANGUAGE_STANDARD = "gnu++0x";
				CLANG_CXX_LIBRARY = "libc++";
				CLANG_ENABLE_MODULES = YES;
				CLANG_ENABLE_OBJC_ARC = YES;
				CLANG_WARN_BOOL_CONVERSION = YES;
				CLANG_WARN_CONSTANT_CONVERSION = YES;
				CLANG_WARN_DIRECT_OBJC_ISA_USAGE = YES_ERROR;
				CLANG_WARN_EMPTY_BODY = YES;
				CLANG_WARN_ENUM_CONVERSION = YES;
				CLANG_WARN_INT_CONVERSION = YES;
				CLANG_WARN_OBJC_ROOT_CLASS = YES_ERROR;
				CLANG_WARN__DUPLICATE_METHOD_MATCH = YES;
				"CODE_SIGN_IDENTITY[sdk=iphoneos*]" = "iPhone Developer";
				COPY_PHASE_STRIP = YES;
				ENABLE_NS_ASSERTIONS = NO;
				GCC_C_LANGUAGE_STANDARD = gnu99;
				GCC_WARN_64_TO_32_BIT_CONVERSION = YES;
				GCC_WARN_ABOUT_RETURN_TYPE = YES_ERROR;
				GCC_WARN_UNDECLARED_SELECTOR = YES;
				GCC_WARN_UNINITIALIZED_AUTOS = YES;
				GCC_WARN_UNUSED_FUNCTION = YES;
				GCC_WARN_UNUSED_VARIABLE = YES;
				IPHONEOS_DEPLOYMENT_TARGET = 7.0;
				SDKROOT = iphoneos;
				VALIDATE_PRODUCT = YES;
			};
			name = Release;
		};
		209336BB1841947D008EFEBD /* Debug */ = {
			isa = XCBuildConfiguration;
			buildSettings = {
				ASSETCATALOG_COMPILER_APPICON_NAME = AppIcon;
				ASSETCATALOG_COMPILER_LAUNCHIMAGE_NAME = LaunchImage;
				FRAMEWORK_SEARCH_PATHS = (
					"$(inherited)",
					/Users/yujason2/Dropbox/School/Semester_7/CS_181H_Mobile_Software_Development/yelp_project/FoodieImageSearch,
					/Users/yujason2/Dropbox/School/Semester_7/CS_181H_Mobile_Software_Development/foodie_search/FoodieImageSearch,
					"/Users/xinleixu/Desktop/CodingCourses/181H/foodie-search",
				);
				GCC_PRECOMPILE_PREFIX_HEADER = YES;
				GCC_PREFIX_HEADER = "FoodieImageSearch/FoodieImageSearch-Prefix.pch";
				INFOPLIST_FILE = "FoodieImageSearch/FoodieImageSearch-Info.plist";
				OTHER_LDFLAGS = "-ObjC";
				PRODUCT_NAME = "$(TARGET_NAME)";
				WRAPPER_EXTENSION = app;
			};
			name = Debug;
		};
		209336BC1841947D008EFEBD /* Release */ = {
			isa = XCBuildConfiguration;
			buildSettings = {
				ASSETCATALOG_COMPILER_APPICON_NAME = AppIcon;
				ASSETCATALOG_COMPILER_LAUNCHIMAGE_NAME = LaunchImage;
				FRAMEWORK_SEARCH_PATHS = (
					"$(inherited)",
					/Users/yujason2/Dropbox/School/Semester_7/CS_181H_Mobile_Software_Development/yelp_project/FoodieImageSearch,
					/Users/yujason2/Dropbox/School/Semester_7/CS_181H_Mobile_Software_Development/foodie_search/FoodieImageSearch,
					"/Users/xinleixu/Desktop/CodingCourses/181H/foodie-search",
				);
				"FRAMEWORK_SEARCH_PATHS[arch=*]" = "\"$(SOURCE_ROOT)/SDWebImage\"";
				GCC_PRECOMPILE_PREFIX_HEADER = YES;
				GCC_PREFIX_HEADER = "FoodieImageSearch/FoodieImageSearch-Prefix.pch";
				INFOPLIST_FILE = "FoodieImageSearch/FoodieImageSearch-Info.plist";
				OTHER_LDFLAGS = "-ObjC";
				PRODUCT_NAME = "$(TARGET_NAME)";
				WRAPPER_EXTENSION = app;
			};
			name = Release;
		};
		209336BE1841947D008EFEBD /* Debug */ = {
			isa = XCBuildConfiguration;
			buildSettings = {
				ARCHS = "$(ARCHS_STANDARD_INCLUDING_64_BIT)";
				BUNDLE_LOADER = "$(BUILT_PRODUCTS_DIR)/FoodieImageSearch.app/FoodieImageSearch";
				FRAMEWORK_SEARCH_PATHS = (
					"$(SDKROOT)/Developer/Library/Frameworks",
					"$(inherited)",
					"$(DEVELOPER_FRAMEWORKS_DIR)",
				);
				GCC_PRECOMPILE_PREFIX_HEADER = YES;
				GCC_PREFIX_HEADER = "FoodieImageSearch/FoodieImageSearch-Prefix.pch";
				GCC_PREPROCESSOR_DEFINITIONS = (
					"DEBUG=1",
					"$(inherited)",
				);
				INFOPLIST_FILE = "FoodieImageSearchTests/FoodieImageSearchTests-Info.plist";
				PRODUCT_NAME = "$(TARGET_NAME)";
				TEST_HOST = "$(BUNDLE_LOADER)";
				WRAPPER_EXTENSION = xctest;
			};
			name = Debug;
		};
		209336BF1841947D008EFEBD /* Release */ = {
			isa = XCBuildConfiguration;
			buildSettings = {
				ARCHS = "$(ARCHS_STANDARD_INCLUDING_64_BIT)";
				BUNDLE_LOADER = "$(BUILT_PRODUCTS_DIR)/FoodieImageSearch.app/FoodieImageSearch";
				FRAMEWORK_SEARCH_PATHS = (
					"$(SDKROOT)/Developer/Library/Frameworks",
					"$(inherited)",
					"$(DEVELOPER_FRAMEWORKS_DIR)",
				);
				GCC_PRECOMPILE_PREFIX_HEADER = YES;
				GCC_PREFIX_HEADER = "FoodieImageSearch/FoodieImageSearch-Prefix.pch";
				INFOPLIST_FILE = "FoodieImageSearchTests/FoodieImageSearchTests-Info.plist";
				PRODUCT_NAME = "$(TARGET_NAME)";
				TEST_HOST = "$(BUNDLE_LOADER)";
				WRAPPER_EXTENSION = xctest;
			};
			name = Release;
		};
/* End XCBuildConfiguration section */

/* Begin XCConfigurationList section */
		209336831841947C008EFEBD /* Build configuration list for PBXProject "FoodieImageSearch" */ = {
			isa = XCConfigurationList;
			buildConfigurations = (
				209336B81841947D008EFEBD /* Debug */,
				209336B91841947D008EFEBD /* Release */,
			);
			defaultConfigurationIsVisible = 0;
			defaultConfigurationName = Release;
		};
		209336BA1841947D008EFEBD /* Build configuration list for PBXNativeTarget "FoodieImageSearch" */ = {
			isa = XCConfigurationList;
			buildConfigurations = (
				209336BB1841947D008EFEBD /* Debug */,
				209336BC1841947D008EFEBD /* Release */,
			);
			defaultConfigurationIsVisible = 0;
			defaultConfigurationName = Release;
		};
		209336BD1841947D008EFEBD /* Build configuration list for PBXNativeTarget "FoodieImageSearchTests" */ = {
			isa = XCConfigurationList;
			buildConfigurations = (
				209336BE1841947D008EFEBD /* Debug */,
				209336BF1841947D008EFEBD /* Release */,
			);
			defaultConfigurationIsVisible = 0;
			defaultConfigurationName = Release;
		};
/* End XCConfigurationList section */
	};
	rootObject = 209336801841947C008EFEBD /* Project object */;
}
